// !$*UTF8*$!
{
	archiveVersion = 1;
	classes = {
	};
	objectVersion = 46;
	objects = {

/* Begin PBXBuildFile section */
		C5E3FA6D1B44B329007403F3 /* main.m in Sources */ = {isa = PBXBuildFile; fileRef = C5E3FA6C1B44B329007403F3 /* main.m */; };
		C5E3FA701B44B329007403F3 /* AppDelegate.m in Sources */ = {isa = PBXBuildFile; fileRef = C5E3FA6F1B44B329007403F3 /* AppDelegate.m */; };
		C5E3FA731B44B329007403F3 /* ViewController.m in Sources */ = {isa = PBXBuildFile; fileRef = C5E3FA721B44B329007403F3 /* ViewController.m */; };
		C5E3FA761B44B329007403F3 /* Main.storyboard in Resources */ = {isa = PBXBuildFile; fileRef = C5E3FA741B44B329007403F3 /* Main.storyboard */; };
		C5E3FA781B44B329007403F3 /* Images.xcassets in Resources */ = {isa = PBXBuildFile; fileRef = C5E3FA771B44B329007403F3 /* Images.xcassets */; };
		C5E3FA7B1B44B329007403F3 /* LaunchScreen.xib in Resources */ = {isa = PBXBuildFile; fileRef = C5E3FA791B44B329007403F3 /* LaunchScreen.xib */; };
		C5E3FA871B44B32A007403F3 /* GitProjectExampleTests.m in Sources */ = {isa = PBXBuildFile; fileRef = C5E3FA861B44B32A007403F3 /* GitProjectExampleTests.m */; };
/* End PBXBuildFile section */

/* Begin PBXContainerItemProxy section */
		C5E3FA811B44B329007403F3 /* PBXContainerItemProxy */ = {
			isa = PBXContainerItemProxy;
			containerPortal = C5E3FA5F1B44B329007403F3 /* Project object */;
			proxyType = 1;
			remoteGlobalIDString = C5E3FA661B44B329007403F3;
			remoteInfo = GitProjectExample;
		};
/* End PBXContainerItemProxy section */

/* Begin PBXFileReference section */
		C5E3FA671B44B329007403F3 /* GitProjectExample.app */ = {isa = PBXFileReference; explicitFileType = wrapper.application; includeInIndex = 0; path = GitProjectExample.app; sourceTree = BUILT_PRODUCTS_DIR; };
		C5E3FA6B1B44B329007403F3 /* Info.plist */ = {isa = PBXFileReference; lastKnownFileType = text.plist.xml; path = Info.plist; sourceTree = "<group>"; };
		C5E3FA6C1B44B329007403F3 /* main.m */ = {isa = PBXFileReference; lastKnownFileType = sourcecode.c.objc; path = main.m; sourceTree = "<group>"; };
		C5E3FA6E1B44B329007403F3 /* AppDelegate.h */ = {isa = PBXFileReference; lastKnownFileType = sourcecode.c.h; path = AppDelegate.h; sourceTree = "<group>"; };
		C5E3FA6F1B44B329007403F3 /* AppDelegate.m */ = {isa = PBXFileReference; lastKnownFileType = sourcecode.c.objc; path = AppDelegate.m; sourceTree = "<group>"; };
		C5E3FA711B44B329007403F3 /* ViewController.h */ = {isa = PBXFileReference; lastKnownFileType = sourcecode.c.h; path = ViewController.h; sourceTree = "<group>"; };
		C5E3FA721B44B329007403F3 /* ViewController.m */ = {isa = PBXFileReference; lastKnownFileType = sourcecode.c.objc; path = ViewController.m; sourceTree = "<group>"; };
		C5E3FA751B44B329007403F3 /* Base */ = {isa = PBXFileReference; lastKnownFileType = file.storyboard; name = Base; path = Base.lproj/Main.storyboard; sourceTree = "<group>"; };
		C5E3FA771B44B329007403F3 /* Images.xcassets */ = {isa = PBXFileReference; lastKnownFileType = folder.assetcatalog; path = Images.xcassets; sourceTree = "<group>"; };
		C5E3FA7A1B44B329007403F3 /* Base */ = {isa = PBXFileReference; lastKnownFileType = file.xib; name = Base; path = Base.lproj/LaunchScreen.xib; sourceTree = "<group>"; };
		C5E3FA801B44B329007403F3 /* GitProjectExampleTests.xctest */ = {isa = PBXFileReference; explicitFileType = wrapper.cfbundle; includeInIndex = 0; path = GitProjectExampleTests.xctest; sourceTree = BUILT_PRODUCTS_DIR; };
		C5E3FA851B44B32A007403F3 /* Info.plist */ = {isa = PBXFileReference; lastKnownFileType = text.plist.xml; path = Info.plist; sourceTree = "<group>"; };
		C5E3FA861B44B32A007403F3 /* GitProjectExampleTests.m */ = {isa = PBXFileReference; lastKnownFileType = sourcecode.c.objc; path = GitProjectExampleTests.m; sourceTree = "<group>"; };
/* End PBXFileReference section */

/* Begin PBXFrameworksBuildPhase section */
		C5E3FA641B44B329007403F3 /* Frameworks */ = {
			isa = PBXFrameworksBuildPhase;
			buildActionMask = 2147483647;
			files = (
			);
			runOnlyForDeploymentPostprocessing = 0;
		};
		C5E3FA7D1B44B329007403F3 /* Frameworks */ = {
			isa = PBXFrameworksBuildPhase;
			buildActionMask = 2147483647;
			files = (
			);
			runOnlyForDeploymentPostprocessing = 0;
		};
/* End PBXFrameworksBuildPhase section */

/* Begin PBXGroup section */
		C5E3FA5E1B44B329007403F3 = {
			isa = PBXGroup;
			children = (
				C5E3FA691B44B329007403F3 /* GitProjectExample */,
				C5E3FA831B44B329007403F3 /* GitProjectExampleTests */,
				C5E3FA681B44B329007403F3 /* Products */,
			);
			sourceTree = "<group>";
		};
		C5E3FA681B44B329007403F3 /* Products */ = {
			isa = PBXGroup;
			children = (
				C5E3FA671B44B329007403F3 /* GitProjectExample.app */,
				C5E3FA801B44B329007403F3 /* GitProjectExampleTests.xctest */,
			);
			name = Products;
			sourceTree = "<group>";
		};
		C5E3FA691B44B329007403F3 /* GitProjectExample */ = {
			isa = PBXGroup;
			children = (
				C5E3FA6E1B44B329007403F3 /* AppDelegate.h */,
				C5E3FA6F1B44B329007403F3 /* AppDelegate.m */,
				C5E3FA711B44B329007403F3 /* ViewController.h */,
				C5E3FA721B44B329007403F3 /* ViewController.m */,
				C5E3FA741B44B329007403F3 /* Main.storyboard */,
				C5E3FA771B44B329007403F3 /* Images.xcassets */,
				C5E3FA791B44B329007403F3 /* LaunchScreen.xib */,
				C5E3FA6A1B44B329007403F3 /* Supporting Files */,
			);
			path = GitProjectExample;
			sourceTree = "<group>";
		};
		C5E3FA6A1B44B329007403F3 /* Supporting Files */ = {
			isa = PBXGroup;
			children = (
				C5E3FA6B1B44B329007403F3 /* Info.plist */,
				C5E3FA6C1B44B329007403F3 /* main.m */,
			);
			name = "Supporting Files";
			sourceTree = "<group>";
		};
		C5E3FA831B44B329007403F3 /* GitProjectExampleTests */ = {
			isa = PBXGroup;
			children = (
				C5E3FA861B44B32A007403F3 /* GitProjectExampleTests.m */,
				C5E3FA841B44B32A007403F3 /* Supporting Files */,
			);
			path = GitProjectExampleTests;
			sourceTree = "<group>";
		};
		C5E3FA841B44B32A007403F3 /* Supporting Files */ = {
			isa = PBXGroup;
			children = (
				C5E3FA851B44B32A007403F3 /* Info.plist */,
			);
			name = "Supporting Files";
			sourceTree = "<group>";
		};
/* End PBXGroup section */

/* Begin PBXNativeTarget section */
		C5E3FA661B44B329007403F3 /* GitProjectExample */ = {
			isa = PBXNativeTarget;
			buildConfigurationList = C5E3FA8A1B44B32A007403F3 /* Build configuration list for PBXNativeTarget "GitProjectExample" */;
			buildPhases = (
				C5E3FA631B44B329007403F3 /* Sources */,
				C5E3FA641B44B329007403F3 /* Frameworks */,
				C5E3FA651B44B329007403F3 /* Resources */,
			);
			buildRules = (
			);
			dependencies = (
			);
			name = GitProjectExample;
			productName = GitProjectExample;
			productReference = C5E3FA671B44B329007403F3 /* GitProjectExample.app */;
			productType = "com.apple.product-type.application";
		};
		C5E3FA7F1B44B329007403F3 /* GitProjectExampleTests */ = {
			isa = PBXNativeTarget;
			buildConfigurationList = C5E3FA8D1B44B32A007403F3 /* Build configuration list for PBXNativeTarget "GitProjectExampleTests" */;
			buildPhases = (
				C5E3FA7C1B44B329007403F3 /* Sources */,
				C5E3FA7D1B44B329007403F3 /* Frameworks */,
				C5E3FA7E1B44B329007403F3 /* Resources */,
			);
			buildRules = (
			);
			dependencies = (
				C5E3FA821B44B329007403F3 /* PBXTargetDependency */,
			);
			name = GitProjectExampleTests;
			productName = GitProjectExampleTests;
			productReference = C5E3FA801B44B329007403F3 /* GitProjectExampleTests.xctest */;
			productType = "com.apple.product-type.bundle.unit-test";
		};
/* End PBXNativeTarget section */

/* Begin PBXProject section */
		C5E3FA5F1B44B329007403F3 /* Project object */ = {
			isa = PBXProject;
			attributes = {
				LastUpgradeCheck = 0630;
				ORGANIZATIONNAME = Chirag;
				TargetAttributes = {
					C5E3FA661B44B329007403F3 = {
						CreatedOnToolsVersion = 6.3.2;
					};
					C5E3FA7F1B44B329007403F3 = {
						CreatedOnToolsVersion = 6.3.2;
						TestTargetID = C5E3FA661B44B329007403F3;
					};
				};
			};
			buildConfigurationList = C5E3FA621B44B329007403F3 /* Build configuration list for PBXProject "GitProjectExample" */;
			compatibilityVersion = "Xcode 3.2";
			developmentRegion = English;
			hasScannedForEncodings = 0;
			knownRegions = (
				en,
				Base,
			);
			mainGroup = C5E3FA5E1B44B329007403F3;
			productRefGroup = C5E3FA681B44B329007403F3 /* Products */;
			projectDirPath = "";
			projectRoot = "";
			targets = (
				C5E3FA661B44B329007403F3 /* GitProjectExample */,
				C5E3FA7F1B44B329007403F3 /* GitProjectExampleTests */,
			);
		};
/* End PBXProject section */

/* Begin PBXResourcesBuildPhase section */
		C5E3FA651B44B329007403F3 /* Resources */ = {
			isa = PBXResourcesBuildPhase;
			buildActionMask = 2147483647;
			files = (
				C5E3FA761B44B329007403F3 /* Main.storyboard in Resources */,
				C5E3FA7B1B44B329007403F3 /* LaunchScreen.xib in Resources */,
				C5E3FA781B44B329007403F3 /* Images.xcassets in Resources */,
			);
			runOnlyForDeploymentPostprocessing = 0;
		};
		C5E3FA7E1B44B329007403F3 /* Resources */ = {
			isa = PBXResourcesBuildPhase;
			buildActionMask = 2147483647;
			files = (
			);
			runOnlyForDeploymentPostprocessing = 0;
		};
/* End PBXResourcesBuildPhase section */

/* Begin PBXSourcesBuildPhase section */
		C5E3FA631B44B329007403F3 /* Sources */ = {
			isa = PBXSourcesBuildPhase;
			buildActionMask = 2147483647;
			files = (
				C5E3FA731B44B329007403F3 /* ViewController.m in Sources */,
				C5E3FA701B44B329007403F3 /* AppDelegate.m in Sources */,
				C5E3FA6D1B44B329007403F3 /* main.m in Sources */,
			);
			runOnlyForDeploymentPostprocessing = 0;
		};
		C5E3FA7C1B44B329007403F3 /* Sources */ = {
			isa = PBXSourcesBuildPhase;
			buildActionMask = 2147483647;
			files = (
				C5E3FA871B44B32A007403F3 /* GitProjectExampleTests.m in Sources */,
			);
			runOnlyForDeploymentPostprocessing = 0;
		};
/* End PBXSourcesBuildPhase section */

/* Begin PBXTargetDependency section */
		C5E3FA821B44B329007403F3 /* PBXTargetDependency */ = {
			isa = PBXTargetDependency;
			target = C5E3FA661B44B329007403F3 /* GitProjectExample */;
			targetProxy = C5E3FA811B44B329007403F3 /* PBXContainerItemProxy */;
		};
/* End PBXTargetDependency section */

/* Begin PBXVariantGroup section */
		C5E3FA741B44B329007403F3 /* Main.storyboard */ = {
			isa = PBXVariantGroup;
			children = (
				C5E3FA751B44B329007403F3 /* Base */,
			);
			name = Main.storyboard;
			sourceTree = "<group>";
		};
		C5E3FA791B44B329007403F3 /* LaunchScreen.xib */ = {
			isa = PBXVariantGroup;
			children = (
				C5E3FA7A1B44B329007403F3 /* Base */,
			);
			name = LaunchScreen.xib;
			sourceTree = "<group>";
		};
/* End PBXVariantGroup section */

/* Begin XCBuildConfiguration section */
		C5E3FA881B44B32A007403F3 /* Debug */ = {
			isa = XCBuildConfiguration;
			buildSettings = {
				ALWAYS_SEARCH_USER_PATHS = NO;
				CLANG_CXX_LANGUAGE_STANDARD = "gnu++0x";
				CLANG_CXX_LIBRARY = "libc++";
				CLANG_ENABLE_MODULES = YES;
				CLANG_ENABLE_OBJC_ARC = YES;
				CLANG_WARN_BOOL_CONVERSION = YES;
				CLANG_WARN_CONSTANT_CONVERSION = YES;
				CLANG_WARN_DIRECT_OBJC_ISA_USAGE = YES_ERROR;
				CLANG_WARN_EMPTY_BODY = YES;
				CLANG_WARN_ENUM_CONVERSION = YES;
				CLANG_WARN_INT_CONVERSION = YES;
				CLANG_WARN_OBJC_ROOT_CLASS = YES_ERROR;
				CLANG_WARN_UNREACHABLE_CODE = YES;
				CLANG_WARN__DUPLICATE_METHOD_MATCH = YES;
				"CODE_SIGN_IDENTITY[sdk=iphoneos*]" = "iPhone Developer";
				COPY_PHASE_STRIP = NO;
				DEBUG_INFORMATION_FORMAT = "dwarf-with-dsym";
				ENABLE_STRICT_OBJC_MSGSEND = YES;
				GCC_C_LANGUAGE_STANDARD = gnu99;
				GCC_DYNAMIC_NO_PIC = NO;
				GCC_NO_COMMON_BLOCKS = YES;
				GCC_OPTIMIZATION_LEVEL = 0;
				GCC_PREPROCESSOR_DEFINITIONS = (
					"DEBUG=1",
					"$(inherited)",
				);
				GCC_SYMBOLS_PRIVATE_EXTERN = NO;
				GCC_WARN_64_TO_32_BIT_CONVERSION = YES;
				GCC_WARN_ABOUT_RETURN_TYPE = YES_ERROR;
				GCC_WARN_UNDECLARED_SELECTOR = YES;
				GCC_WARN_UNINITIALIZED_AUTOS = YES_AGGRESSIVE;
				GCC_WARN_UNUSED_FUNCTION = YES;
				GCC_WARN_UNUSED_VARIABLE = YES;
				IPHONEOS_DEPLOYMENT_TARGET = 8.3;
				MTL_ENABLE_DEBUG_INFO = YES;
				ONLY_ACTIVE_ARCH = YES;
				SDKROOT = iphoneos;
			};
			name = Debug;
		};
		C5E3FA891B44B32A007403F3 /* Release */ = {
			isa = XCBuildConfiguration;
			buildSettings = {
				ALWAYS_SEARCH_USER_PATHS = NO;
				CLANG_CXX_LANGUAGE_STANDARD = "gnu++0x";
				CLANG_CXX_LIBRARY = "libc++";
				CLANG_ENABLE_MODULES = YES;
				CLANG_ENABLE_OBJC_ARC = YES;
				CLANG_WARN_BOOL_CONVERSION = YES;
				CLANG_WARN_CONSTANT_CONVERSION = YES;
				CLANG_WARN_DIRECT_OBJC_ISA_USAGE = YES_ERROR;
				CLANG_WARN_EMPTY_BODY = YES;
				CLANG_WARN_ENUM_CONVERSION = YES;
				CLANG_WARN_INT_CONVERSION = YES;
				CLANG_WARN_OBJC_ROOT_CLASS = YES_ERROR;
				CLANG_WARN_UNREACHABLE_CODE = YES;
				CLANG_WARN__DUPLICATE_METHOD_MATCH = YES;
				"CODE_SIGN_IDENTITY[sdk=iphoneos*]" = "iPhone Developer";
				COPY_PHASE_STRIP = NO;
				DEBUG_INFORMATION_FORMAT = "dwarf-with-dsym";
				ENABLE_NS_ASSERTIONS = NO;
				ENABLE_STRICT_OBJC_MSGSEND = YES;
				GCC_C_LANGUAGE_STANDARD = gnu99;
				GCC_NO_COMMON_BLOCKS = YES;
				GCC_WARN_64_TO_32_BIT_CONVERSION = YES;
				GCC_WARN_ABOUT_RETURN_TYPE = YES_ERROR;
				GCC_WARN_UNDECLARED_SELECTOR = YES;
				GCC_WARN_UNINITIALIZED_AUTOS = YES_AGGRESSIVE;
				GCC_WARN_UNUSED_FUNCTION = YES;
				GCC_WARN_UNUSED_VARIABLE = YES;
				IPHONEOS_DEPLOYMENT_TARGET = 8.3;
				MTL_ENABLE_DEBUG_INFO = NO;
				SDKROOT = iphoneos;
				VALIDATE_PRODUCT = YES;
			};
			name = Release;
		};
		C5E3FA8B1B44B32A007403F3 /* Debug */ = {
			isa = XCBuildConfiguration;
			buildSettings = {
				ASSETCATALOG_COMPILER_APPICON_NAME = AppIcon;
				INFOPLIST_FILE = GitProjectExample/Info.plist;
				LD_RUNPATH_SEARCH_PATHS = "$(inherited) @executable_path/Frameworks";
				PRODUCT_NAME = "$(TARGET_NAME)";
			};
			name = Debug;
		};
		C5E3FA8C1B44B32A007403F3 /* Release */ = {
			isa = XCBuildConfiguration;
			buildSettings = {
				ASSETCATALOG_COMPILER_APPICON_NAME = AppIcon;
				INFOPLIST_FILE = GitProjectExample/Info.plist;
				LD_RUNPATH_SEARCH_PATHS = "$(inherited) @executable_path/Frameworks";
				PRODUCT_NAME = "$(TARGET_NAME)";
			};
			name = Release;
		};
		C5E3FA8E1B44B32A007403F3 /* Debug */ = {
			isa = XCBuildConfiguration;
			buildSettings = {
				BUNDLE_LOADER = "$(TEST_HOST)";
				FRAMEWORK_SEARCH_PATHS = (
					"$(SDKROOT)/Developer/Library/Frameworks",
					"$(inherited)",
				);
				GCC_PREPROCESSOR_DEFINITIONS = (
					"DEBUG=1",
					"$(inherited)",
				);
				INFOPLIST_FILE = GitProjectExampleTests/Info.plist;
				LD_RUNPATH_SEARCH_PATHS = "$(inherited) @executable_path/Frameworks @loader_path/Frameworks";
				PRODUCT_NAME = "$(TARGET_NAME)";
				TEST_HOST = "$(BUILT_PRODUCTS_DIR)/GitProjectExample.app/GitProjectExample";
			};
			name = Debug;
		};
		C5E3FA8F1B44B32A007403F3 /* Release */ = {
			isa = XCBuildConfiguration;
			buildSettings = {
				BUNDLE_LOADER = "$(TEST_HOST)";
				FRAMEWORK_SEARCH_PATHS = (
					"$(SDKROOT)/Developer/Library/Frameworks",
					"$(inherited)",
				);
				INFOPLIST_FILE = GitProjectExampleTests/Info.plist;
				LD_RUNPATH_SEARCH_PATHS = "$(inherited) @executable_path/Frameworks @loader_path/Frameworks";
				PRODUCT_NAME = "$(TARGET_NAME)";
				TEST_HOST = "$(BUILT_PRODUCTS_DIR)/GitProjectExample.app/GitProjectExample";
			};
			name = Release;
		};
/* End XCBuildConfiguration section */

/* Begin XCConfigurationList section */
		C5E3FA621B44B329007403F3 /* Build configuration list for PBXProject "GitProjectExample" */ = {
			isa = XCConfigurationList;
			buildConfigurations = (
				C5E3FA881B44B32A007403F3 /* Debug */,
				C5E3FA891B44B32A007403F3 /* Release */,
			);
			defaultConfigurationIsVisible = 0;
			defaultConfigurationName = Release;
		};
		C5E3FA8A1B44B32A007403F3 /* Build configuration list for PBXNativeTarget "GitProjectExample" */ = {
			isa = XCConfigurationList;
			buildConfigurations = (
				C5E3FA8B1B44B32A007403F3 /* Debug */,
				C5E3FA8C1B44B32A007403F3 /* Release */,
			);
			defaultConfigurationIsVisible = 0;
		};
		C5E3FA8D1B44B32A007403F3 /* Build configuration list for PBXNativeTarget "GitProjectExampleTests" */ = {
			isa = XCConfigurationList;
			buildConfigurations = (
				C5E3FA8E1B44B32A007403F3 /* Debug */,
				C5E3FA8F1B44B32A007403F3 /* Release */,
			);
			defaultConfigurationIsVisible = 0;
		};
/* End XCConfigurationList section */
	};
	rootObject = C5E3FA5F1B44B329007403F3 /* Project object */;
}
